
Microsoft Visual Studio Solution File, Format Version 12.00
# Visual Studio Version 17
VisualStudioVersion = 17.8.34330.188
MinimumVisualStudioVersion = 10.0.40219.1
Project("{FAE04EC0-301F-11D3-BF4B-00C04F79EFBC}") = "GetAssemblyInfo", "GetAssemblyIndo\GetAssemblyInfo.csproj", "{1109BD5B-0176-48F4-9E57-CB0799479081}"
EndProject
Global
	GlobalSection(SolutionConfigurationPlatforms) = preSolution
		Debug|Any CPU = Debug|Any CPU
		Release|Any CPU = Release|Any CPU
	EndGlobalSection
	GlobalSection(ProjectConfigurationPlatforms) = postSolution
		{1109BD5B-0176-48F4-9E57-CB0799479081}.Debug|Any CPU.ActiveCfg = Debug|Any CPU
		{1109BD5B-0176-48F4-9E57-CB0799479081}.Debug|Any CPU.Build.0 = Debug|Any CPU
		{1109BD5B-0176-48F4-9E57-CB0799479081}.Release|Any CPU.ActiveCfg = Release|Any CPU
		{1109BD5B-0176-48F4-9E57-CB0799479081}.Release|Any CPU.Build.0 = Release|Any CPU
	EndGlobalSection
	GlobalSection(SolutionProperties) = preSolution
		HideSolutionNode = FALSE
	EndGlobalSection
	GlobalSection(ExtensibilityGlobals) = postSolution
		SolutionGuid = {77BCFDA3-D9AD-4187-944E-2E29571106D9}
	EndGlobalSection
EndGlobal
